// !$*UTF8*$!
{
	archiveVersion = 1;
	classes = {
	};
	objectVersion = 46;
	objects = {

/* Begin PBXBuildFile section */
		5B31963F1A4DBB5B0047594A /* main.m in Sources */ = {isa = PBXBuildFile; fileRef = 5B31963E1A4DBB5B0047594A /* main.m */; };
		5B3196421A4DBB5B0047594A /* AppDelegate.m in Sources */ = {isa = PBXBuildFile; fileRef = 5B3196411A4DBB5B0047594A /* AppDelegate.m */; };
		5B3196451A4DBB5B0047594A /* MasterViewController.m in Sources */ = {isa = PBXBuildFile; fileRef = 5B3196441A4DBB5B0047594A /* MasterViewController.m */; };
		5B3196481A4DBB5B0047594A /* DetailViewController.m in Sources */ = {isa = PBXBuildFile; fileRef = 5B3196471A4DBB5B0047594A /* DetailViewController.m */; };
		5B31964B1A4DBB5B0047594A /* Main.storyboard in Resources */ = {isa = PBXBuildFile; fileRef = 5B3196491A4DBB5B0047594A /* Main.storyboard */; };
		5B31964D1A4DBB5B0047594A /* Images.xcassets in Resources */ = {isa = PBXBuildFile; fileRef = 5B31964C1A4DBB5B0047594A /* Images.xcassets */; };
		5B3196501A4DBB5B0047594A /* LaunchScreen.xib in Resources */ = {isa = PBXBuildFile; fileRef = 5B31964E1A4DBB5B0047594A /* LaunchScreen.xib */; };
		5B31965C1A4DBB5B0047594A /* RACSignalDemoTests.m in Sources */ = {isa = PBXBuildFile; fileRef = 5B31965B1A4DBB5B0047594A /* RACSignalDemoTests.m */; };
/* End PBXBuildFile section */

/* Begin PBXContainerItemProxy section */
		5B3196561A4DBB5B0047594A /* PBXContainerItemProxy */ = {
			isa = PBXContainerItemProxy;
			containerPortal = 5B3196311A4DBB5B0047594A /* Project object */;
			proxyType = 1;
			remoteGlobalIDString = 5B3196381A4DBB5B0047594A;
			remoteInfo = RACSignalDemo;
		};
/* End PBXContainerItemProxy section */

/* Begin PBXFileReference section */
		5B3196391A4DBB5B0047594A /* RACSignalDemo.app */ = {isa = PBXFileReference; explicitFileType = wrapper.application; includeInIndex = 0; path = RACSignalDemo.app; sourceTree = BUILT_PRODUCTS_DIR; };
		5B31963D1A4DBB5B0047594A /* Info.plist */ = {isa = PBXFileReference; lastKnownFileType = text.plist.xml; path = Info.plist; sourceTree = "<group>"; };
		5B31963E1A4DBB5B0047594A /* main.m */ = {isa = PBXFileReference; lastKnownFileType = sourcecode.c.objc; path = main.m; sourceTree = "<group>"; };
		5B3196401A4DBB5B0047594A /* AppDelegate.h */ = {isa = PBXFileReference; lastKnownFileType = sourcecode.c.h; path = AppDelegate.h; sourceTree = "<group>"; };
		5B3196411A4DBB5B0047594A /* AppDelegate.m */ = {isa = PBXFileReference; lastKnownFileType = sourcecode.c.objc; path = AppDelegate.m; sourceTree = "<group>"; };
		5B3196431A4DBB5B0047594A /* MasterViewController.h */ = {isa = PBXFileReference; lastKnownFileType = sourcecode.c.h; path = MasterViewController.h; sourceTree = "<group>"; };
		5B3196441A4DBB5B0047594A /* MasterViewController.m */ = {isa = PBXFileReference; lastKnownFileType = sourcecode.c.objc; path = MasterViewController.m; sourceTree = "<group>"; };
		5B3196461A4DBB5B0047594A /* DetailViewController.h */ = {isa = PBXFileReference; lastKnownFileType = sourcecode.c.h; path = DetailViewController.h; sourceTree = "<group>"; };
		5B3196471A4DBB5B0047594A /* DetailViewController.m */ = {isa = PBXFileReference; lastKnownFileType = sourcecode.c.objc; path = DetailViewController.m; sourceTree = "<group>"; };
		5B31964A1A4DBB5B0047594A /* Base */ = {isa = PBXFileReference; lastKnownFileType = file.storyboard; name = Base; path = Base.lproj/Main.storyboard; sourceTree = "<group>"; };
		5B31964C1A4DBB5B0047594A /* Images.xcassets */ = {isa = PBXFileReference; lastKnownFileType = folder.assetcatalog; path = Images.xcassets; sourceTree = "<group>"; };
		5B31964F1A4DBB5B0047594A /* Base */ = {isa = PBXFileReference; lastKnownFileType = file.xib; name = Base; path = Base.lproj/LaunchScreen.xib; sourceTree = "<group>"; };
		5B3196551A4DBB5B0047594A /* RACSignalDemoTests.xctest */ = {isa = PBXFileReference; explicitFileType = wrapper.cfbundle; includeInIndex = 0; path = RACSignalDemoTests.xctest; sourceTree = BUILT_PRODUCTS_DIR; };
		5B31965A1A4DBB5B0047594A /* Info.plist */ = {isa = PBXFileReference; lastKnownFileType = text.plist.xml; path = Info.plist; sourceTree = "<group>"; };
		5B31965B1A4DBB5B0047594A /* RACSignalDemoTests.m */ = {isa = PBXFileReference; lastKnownFileType = sourcecode.c.objc; path = RACSignalDemoTests.m; sourceTree = "<group>"; };
/* End PBXFileReference section */

/* Begin PBXFrameworksBuildPhase section */
		5B3196361A4DBB5B0047594A /* Frameworks */ = {
			isa = PBXFrameworksBuildPhase;
			buildActionMask = 2147483647;
			files = (
			);
			runOnlyForDeploymentPostprocessing = 0;
		};
		5B3196521A4DBB5B0047594A /* Frameworks */ = {
			isa = PBXFrameworksBuildPhase;
			buildActionMask = 2147483647;
			files = (
			);
			runOnlyForDeploymentPostprocessing = 0;
		};
/* End PBXFrameworksBuildPhase section */

/* Begin PBXGroup section */
		5B3196301A4DBB5B0047594A = {
			isa = PBXGroup;
			children = (
				5B31963B1A4DBB5B0047594A /* RACSignalDemo */,
				5B3196581A4DBB5B0047594A /* RACSignalDemoTests */,
				5B31963A1A4DBB5B0047594A /* Products */,
			);
			sourceTree = "<group>";
		};
		5B31963A1A4DBB5B0047594A /* Products */ = {
			isa = PBXGroup;
			children = (
				5B3196391A4DBB5B0047594A /* RACSignalDemo.app */,
				5B3196551A4DBB5B0047594A /* RACSignalDemoTests.xctest */,
			);
			name = Products;
			sourceTree = "<group>";
		};
		5B31963B1A4DBB5B0047594A /* RACSignalDemo */ = {
			isa = PBXGroup;
			children = (
				5B3196401A4DBB5B0047594A /* AppDelegate.h */,
				5B3196411A4DBB5B0047594A /* AppDelegate.m */,
				5B3196431A4DBB5B0047594A /* MasterViewController.h */,
				5B3196441A4DBB5B0047594A /* MasterViewController.m */,
				5B3196461A4DBB5B0047594A /* DetailViewController.h */,
				5B3196471A4DBB5B0047594A /* DetailViewController.m */,
				5B3196491A4DBB5B0047594A /* Main.storyboard */,
				5B31964C1A4DBB5B0047594A /* Images.xcassets */,
				5B31964E1A4DBB5B0047594A /* LaunchScreen.xib */,
				5B31963C1A4DBB5B0047594A /* Supporting Files */,
			);
			path = RACSignalDemo;
			sourceTree = "<group>";
		};
		5B31963C1A4DBB5B0047594A /* Supporting Files */ = {
			isa = PBXGroup;
			children = (
				5B31963D1A4DBB5B0047594A /* Info.plist */,
				5B31963E1A4DBB5B0047594A /* main.m */,
			);
			name = "Supporting Files";
			sourceTree = "<group>";
		};
		5B3196581A4DBB5B0047594A /* RACSignalDemoTests */ = {
			isa = PBXGroup;
			children = (
				5B31965B1A4DBB5B0047594A /* RACSignalDemoTests.m */,
				5B3196591A4DBB5B0047594A /* Supporting Files */,
			);
			path = RACSignalDemoTests;
			sourceTree = "<group>";
		};
		5B3196591A4DBB5B0047594A /* Supporting Files */ = {
			isa = PBXGroup;
			children = (
				5B31965A1A4DBB5B0047594A /* Info.plist */,
			);
			name = "Supporting Files";
			sourceTree = "<group>";
		};
/* End PBXGroup section */

/* Begin PBXNativeTarget section */
		5B3196381A4DBB5B0047594A /* RACSignalDemo */ = {
			isa = PBXNativeTarget;
			buildConfigurationList = 5B31965F1A4DBB5B0047594A /* Build configuration list for PBXNativeTarget "RACSignalDemo" */;
			buildPhases = (
				5B3196351A4DBB5B0047594A /* Sources */,
				5B3196361A4DBB5B0047594A /* Frameworks */,
				5B3196371A4DBB5B0047594A /* Resources */,
			);
			buildRules = (
			);
			dependencies = (
			);
			name = RACSignalDemo;
			productName = RACSignalDemo;
			productReference = 5B3196391A4DBB5B0047594A /* RACSignalDemo.app */;
			productType = "com.apple.product-type.application";
		};
		5B3196541A4DBB5B0047594A /* RACSignalDemoTests */ = {
			isa = PBXNativeTarget;
			buildConfigurationList = 5B3196621A4DBB5B0047594A /* Build configuration list for PBXNativeTarget "RACSignalDemoTests" */;
			buildPhases = (
				5B3196511A4DBB5B0047594A /* Sources */,
				5B3196521A4DBB5B0047594A /* Frameworks */,
				5B3196531A4DBB5B0047594A /* Resources */,
			);
			buildRules = (
			);
			dependencies = (
				5B3196571A4DBB5B0047594A /* PBXTargetDependency */,
			);
			name = RACSignalDemoTests;
			productName = RACSignalDemoTests;
			productReference = 5B3196551A4DBB5B0047594A /* RACSignalDemoTests.xctest */;
			productType = "com.apple.product-type.bundle.unit-test";
		};
/* End PBXNativeTarget section */

/* Begin PBXProject section */
		5B3196311A4DBB5B0047594A /* Project object */ = {
			isa = PBXProject;
			attributes = {
				LastUpgradeCheck = 0610;
				ORGANIZATIONNAME = "sumi-sumi";
				TargetAttributes = {
					5B3196381A4DBB5B0047594A = {
						CreatedOnToolsVersion = 6.1.1;
					};
					5B3196541A4DBB5B0047594A = {
						CreatedOnToolsVersion = 6.1.1;
						TestTargetID = 5B3196381A4DBB5B0047594A;
					};
				};
			};
			buildConfigurationList = 5B3196341A4DBB5B0047594A /* Build configuration list for PBXProject "RACSignalDemo" */;
			compatibilityVersion = "Xcode 3.2";
			developmentRegion = English;
			hasScannedForEncodings = 0;
			knownRegions = (
				en,
				Base,
			);
			mainGroup = 5B3196301A4DBB5B0047594A;
			productRefGroup = 5B31963A1A4DBB5B0047594A /* Products */;
			projectDirPath = "";
			projectRoot = "";
			targets = (
				5B3196381A4DBB5B0047594A /* RACSignalDemo */,
				5B3196541A4DBB5B0047594A /* RACSignalDemoTests */,
			);
		};
/* End PBXProject section */

/* Begin PBXResourcesBuildPhase section */
		5B3196371A4DBB5B0047594A /* Resources */ = {
			isa = PBXResourcesBuildPhase;
			buildActionMask = 2147483647;
			files = (
				5B31964B1A4DBB5B0047594A /* Main.storyboard in Resources */,
				5B3196501A4DBB5B0047594A /* LaunchScreen.xib in Resources */,
				5B31964D1A4DBB5B0047594A /* Images.xcassets in Resources */,
			);
			runOnlyForDeploymentPostprocessing = 0;
		};
		5B3196531A4DBB5B0047594A /* Resources */ = {
			isa = PBXResourcesBuildPhase;
			buildActionMask = 2147483647;
			files = (
			);
			runOnlyForDeploymentPostprocessing = 0;
		};
/* End PBXResourcesBuildPhase section */

/* Begin PBXSourcesBuildPhase section */
		5B3196351A4DBB5B0047594A /* Sources */ = {
			isa = PBXSourcesBuildPhase;
			buildActionMask = 2147483647;
			files = (
				5B3196421A4DBB5B0047594A /* AppDelegate.m in Sources */,
				5B3196451A4DBB5B0047594A /* MasterViewController.m in Sources */,
				5B31963F1A4DBB5B0047594A /* main.m in Sources */,
				5B3196481A4DBB5B0047594A /* DetailViewController.m in Sources */,
			);
			runOnlyForDeploymentPostprocessing = 0;
		};
		5B3196511A4DBB5B0047594A /* Sources */ = {
			isa = PBXSourcesBuildPhase;
			buildActionMask = 2147483647;
			files = (
				5B31965C1A4DBB5B0047594A /* RACSignalDemoTests.m in Sources */,
			);
			runOnlyForDeploymentPostprocessing = 0;
		};
/* End PBXSourcesBuildPhase section */

/* Begin PBXTargetDependency section */
		5B3196571A4DBB5B0047594A /* PBXTargetDependency */ = {
			isa = PBXTargetDependency;
			target = 5B3196381A4DBB5B0047594A /* RACSignalDemo */;
			targetProxy = 5B3196561A4DBB5B0047594A /* PBXContainerItemProxy */;
		};
/* End PBXTargetDependency section */

/* Begin PBXVariantGroup section */
		5B3196491A4DBB5B0047594A /* Main.storyboard */ = {
			isa = PBXVariantGroup;
			children = (
				5B31964A1A4DBB5B0047594A /* Base */,
			);
			name = Main.storyboard;
			sourceTree = "<group>";
		};
		5B31964E1A4DBB5B0047594A /* LaunchScreen.xib */ = {
			isa = PBXVariantGroup;
			children = (
				5B31964F1A4DBB5B0047594A /* Base */,
			);
			name = LaunchScreen.xib;
			sourceTree = "<group>";
		};
/* End PBXVariantGroup section */

/* Begin XCBuildConfiguration section */
		5B31965D1A4DBB5B0047594A /* Debug */ = {
			isa = XCBuildConfiguration;
			buildSettings = {
				ALWAYS_SEARCH_USER_PATHS = NO;
				CLANG_CXX_LANGUAGE_STANDARD = "gnu++0x";
				CLANG_CXX_LIBRARY = "libc++";
				CLANG_ENABLE_MODULES = YES;
				CLANG_ENABLE_OBJC_ARC = YES;
				CLANG_WARN_BOOL_CONVERSION = YES;
				CLANG_WARN_CONSTANT_CONVERSION = YES;
				CLANG_WARN_DIRECT_OBJC_ISA_USAGE = YES_ERROR;
				CLANG_WARN_EMPTY_BODY = YES;
				CLANG_WARN_ENUM_CONVERSION = YES;
				CLANG_WARN_INT_CONVERSION = YES;
				CLANG_WARN_OBJC_ROOT_CLASS = YES_ERROR;
				CLANG_WARN_UNREACHABLE_CODE = YES;
				CLANG_WARN__DUPLICATE_METHOD_MATCH = YES;
				"CODE_SIGN_IDENTITY[sdk=iphoneos*]" = "iPhone Developer";
				COPY_PHASE_STRIP = NO;
				ENABLE_STRICT_OBJC_MSGSEND = YES;
				GCC_C_LANGUAGE_STANDARD = gnu99;
				GCC_DYNAMIC_NO_PIC = NO;
				GCC_OPTIMIZATION_LEVEL = 0;
				GCC_PREPROCESSOR_DEFINITIONS = (
					"DEBUG=1",
					"$(inherited)",
				);
				GCC_SYMBOLS_PRIVATE_EXTERN = NO;
				GCC_WARN_64_TO_32_BIT_CONVERSION = YES;
				GCC_WARN_ABOUT_RETURN_TYPE = YES_ERROR;
				GCC_WARN_UNDECLARED_SELECTOR = YES;
				GCC_WARN_UNINITIALIZED_AUTOS = YES_AGGRESSIVE;
				GCC_WARN_UNUSED_FUNCTION = YES;
				GCC_WARN_UNUSED_VARIABLE = YES;
				IPHONEOS_DEPLOYMENT_TARGET = 8.1;
				MTL_ENABLE_DEBUG_INFO = YES;
				ONLY_ACTIVE_ARCH = YES;
				SDKROOT = iphoneos;
			};
			name = Debug;
		};
		5B31965E1A4DBB5B0047594A /* Release */ = {
			isa = XCBuildConfiguration;
			buildSettings = {
				ALWAYS_SEARCH_USER_PATHS = NO;
				CLANG_CXX_LANGUAGE_STANDARD = "gnu++0x";
				CLANG_CXX_LIBRARY = "libc++";
				CLANG_ENABLE_MODULES = YES;
				CLANG_ENABLE_OBJC_ARC = YES;
				CLANG_WARN_BOOL_CONVERSION = YES;
				CLANG_WARN_CONSTANT_CONVERSION = YES;
				CLANG_WARN_DIRECT_OBJC_ISA_USAGE = YES_ERROR;
				CLANG_WARN_EMPTY_BODY = YES;
				CLANG_WARN_ENUM_CONVERSION = YES;
				CLANG_WARN_INT_CONVERSION = YES;
				CLANG_WARN_OBJC_ROOT_CLASS = YES_ERROR;
				CLANG_WARN_UNREACHABLE_CODE = YES;
				CLANG_WARN__DUPLICATE_METHOD_MATCH = YES;
				"CODE_SIGN_IDENTITY[sdk=iphoneos*]" = "iPhone Developer";
				COPY_PHASE_STRIP = YES;
				ENABLE_NS_ASSERTIONS = NO;
				ENABLE_STRICT_OBJC_MSGSEND = YES;
				GCC_C_LANGUAGE_STANDARD = gnu99;
				GCC_WARN_64_TO_32_BIT_CONVERSION = YES;
				GCC_WARN_ABOUT_RETURN_TYPE = YES_ERROR;
				GCC_WARN_UNDECLARED_SELECTOR = YES;
				GCC_WARN_UNINITIALIZED_AUTOS = YES_AGGRESSIVE;
				GCC_WARN_UNUSED_FUNCTION = YES;
				GCC_WARN_UNUSED_VARIABLE = YES;
				IPHONEOS_DEPLOYMENT_TARGET = 8.1;
				MTL_ENABLE_DEBUG_INFO = NO;
				SDKROOT = iphoneos;
				VALIDATE_PRODUCT = YES;
			};
			name = Release;
		};
		5B3196601A4DBB5B0047594A /* Debug */ = {
			isa = XCBuildConfiguration;
			buildSettings = {
				ASSETCATALOG_COMPILER_APPICON_NAME = AppIcon;
				INFOPLIST_FILE = RACSignalDemo/Info.plist;
				LD_RUNPATH_SEARCH_PATHS = "$(inherited) @executable_path/Frameworks";
				PRODUCT_NAME = "$(TARGET_NAME)";
			};
			name = Debug;
		};
		5B3196611A4DBB5B0047594A /* Release */ = {
			isa = XCBuildConfiguration;
			buildSettings = {
				ASSETCATALOG_COMPILER_APPICON_NAME = AppIcon;
				INFOPLIST_FILE = RACSignalDemo/Info.plist;
				LD_RUNPATH_SEARCH_PATHS = "$(inherited) @executable_path/Frameworks";
				PRODUCT_NAME = "$(TARGET_NAME)";
			};
			name = Release;
		};
		5B3196631A4DBB5B0047594A /* Debug */ = {
			isa = XCBuildConfiguration;
			buildSettings = {
				BUNDLE_LOADER = "$(TEST_HOST)";
				FRAMEWORK_SEARCH_PATHS = (
					"$(SDKROOT)/Developer/Library/Frameworks",
					"$(inherited)",
				);
				GCC_PREPROCESSOR_DEFINITIONS = (
					"DEBUG=1",
					"$(inherited)",
				);
				INFOPLIST_FILE = RACSignalDemoTests/Info.plist;
				LD_RUNPATH_SEARCH_PATHS = "$(inherited) @executable_path/Frameworks @loader_path/Frameworks";
				PRODUCT_NAME = "$(TARGET_NAME)";
				TEST_HOST = "$(BUILT_PRODUCTS_DIR)/RACSignalDemo.app/RACSignalDemo";
			};
			name = Debug;
		};
		5B3196641A4DBB5B0047594A /* Release */ = {
			isa = XCBuildConfiguration;
			buildSettings = {
				BUNDLE_LOADER = "$(TEST_HOST)";
				FRAMEWORK_SEARCH_PATHS = (
					"$(SDKROOT)/Developer/Library/Frameworks",
					"$(inherited)",
				);
				INFOPLIST_FILE = RACSignalDemoTests/Info.plist;
				LD_RUNPATH_SEARCH_PATHS = "$(inherited) @executable_path/Frameworks @loader_path/Frameworks";
				PRODUCT_NAME = "$(TARGET_NAME)";
				TEST_HOST = "$(BUILT_PRODUCTS_DIR)/RACSignalDemo.app/RACSignalDemo";
			};
			name = Release;
		};
/* End XCBuildConfiguration section */

/* Begin XCConfigurationList section */
		5B3196341A4DBB5B0047594A /* Build configuration list for PBXProject "RACSignalDemo" */ = {
			isa = XCConfigurationList;
			buildConfigurations = (
				5B31965D1A4DBB5B0047594A /* Debug */,
				5B31965E1A4DBB5B0047594A /* Release */,
			);
			defaultConfigurationIsVisible = 0;
			defaultConfigurationName = Release;
		};
		5B31965F1A4DBB5B0047594A /* Build configuration list for PBXNativeTarget "RACSignalDemo" */ = {
			isa = XCConfigurationList;
			buildConfigurations = (
				5B3196601A4DBB5B0047594A /* Debug */,
				5B3196611A4DBB5B0047594A /* Release */,
			);
			defaultConfigurationIsVisible = 0;
		};
		5B3196621A4DBB5B0047594A /* Build configuration list for PBXNativeTarget "RACSignalDemoTests" */ = {
			isa = XCConfigurationList;
			buildConfigurations = (
				5B3196631A4DBB5B0047594A /* Debug */,
				5B3196641A4DBB5B0047594A /* Release */,
			);
			defaultConfigurationIsVisible = 0;
		};
/* End XCConfigurationList section */
	};
	rootObject = 5B3196311A4DBB5B0047594A /* Project object */;
}
